// !$*UTF8*$!
{
	archiveVersion = 1;
	classes = {
	};
	objectVersion = 56;
	objects = {

/* Begin PBXBuildFile section */
		F75049EE2ACB0DDE009C5134 /* HeroHeaderView.swift in Sources */ = {isa = PBXBuildFile; fileRef = F75049ED2ACB0DDE009C5134 /* HeroHeaderView.swift */; };
		F75049F02ACB5ACC009C5134 /* TrendingMovies.swift in Sources */ = {isa = PBXBuildFile; fileRef = F75049EF2ACB5ACC009C5134 /* TrendingMovies.swift */; };
		F75049F22ACB6247009C5134 /* Movie.swift in Sources */ = {isa = PBXBuildFile; fileRef = F75049F12ACB6247009C5134 /* Movie.swift */; };
		F75049F42ACB6627009C5134 /* ApiError.swift in Sources */ = {isa = PBXBuildFile; fileRef = F75049F32ACB6627009C5134 /* ApiError.swift */; };
		F75049F62ACB6657009C5134 /* Methods.swift in Sources */ = {isa = PBXBuildFile; fileRef = F75049F52ACB6657009C5134 /* Methods.swift */; };
		F75049F82ACB6673009C5134 /* EndPoint.swift in Sources */ = {isa = PBXBuildFile; fileRef = F75049F72ACB6673009C5134 /* EndPoint.swift */; };
		F75049FA2ACB675A009C5134 /* ApiResponse.swift in Sources */ = {isa = PBXBuildFile; fileRef = F75049F92ACB6759009C5134 /* ApiResponse.swift */; };
		F75049FC2ACB67D3009C5134 /* NetworkManager.swift in Sources */ = {isa = PBXBuildFile; fileRef = F75049FB2ACB67D3009C5134 /* NetworkManager.swift */; };
		F75049FE2ACB7182009C5134 /* String+Extension.swift in Sources */ = {isa = PBXBuildFile; fileRef = F75049FD2ACB7181009C5134 /* String+Extension.swift */; };
		F7504A002ACB82F6009C5134 /* HomeViewModel.swift in Sources */ = {isa = PBXBuildFile; fileRef = F75049FF2ACB82F6009C5134 /* HomeViewModel.swift */; };
		F7504A052ACBA3DA009C5134 /* TV.swift in Sources */ = {isa = PBXBuildFile; fileRef = F7504A042ACBA3DA009C5134 /* TV.swift */; };
		F7504A072ACBA5C1009C5134 /* TrendingTV.swift in Sources */ = {isa = PBXBuildFile; fileRef = F7504A062ACBA5C1009C5134 /* TrendingTV.swift */; };
		F7504A092ACBAC97009C5134 /* UpComing.swift in Sources */ = {isa = PBXBuildFile; fileRef = F7504A082ACBAC97009C5134 /* UpComing.swift */; };
		F7504A0B2ACBAE2E009C5134 /* UpComingMovies.swift in Sources */ = {isa = PBXBuildFile; fileRef = F7504A0A2ACBAE2E009C5134 /* UpComingMovies.swift */; };
		F75FFC1C2AD1B84F00FF7ACD /* VideoPreviewViewModel.swift in Sources */ = {isa = PBXBuildFile; fileRef = F75FFC1B2AD1B84F00FF7ACD /* VideoPreviewViewModel.swift */; };
		F75FFC1F2AD2059500FF7ACD /* DataPersistenceManager.swift in Sources */ = {isa = PBXBuildFile; fileRef = F75FFC1E2AD2059500FF7ACD /* DataPersistenceManager.swift */; };
		F782C0292AD073D3003FD2C2 /* YoutubeSearchModel.swift in Sources */ = {isa = PBXBuildFile; fileRef = F782C0282AD073D3003FD2C2 /* YoutubeSearchModel.swift */; };
		F782C02B2AD07634003FD2C2 /* YoutubeSearch.swift in Sources */ = {isa = PBXBuildFile; fileRef = F782C02A2AD07634003FD2C2 /* YoutubeSearch.swift */; };
		F782C02D2AD0CC5B003FD2C2 /* VideoPreviewViewController.swift in Sources */ = {isa = PBXBuildFile; fileRef = F782C02C2AD0CC5B003FD2C2 /* VideoPreviewViewController.swift */; };
		F782C02F2AD0D311003FD2C2 /* MoviePreviewModel.swift in Sources */ = {isa = PBXBuildFile; fileRef = F782C02E2AD0D311003FD2C2 /* MoviePreviewModel.swift */; };
		F7A8A9582ACC7A8500E20E77 /* Popular.swift in Sources */ = {isa = PBXBuildFile; fileRef = F7A8A9572ACC7A8500E20E77 /* Popular.swift */; };
		F7A8A95A2ACCCEB400E20E77 /* TopRated.swift in Sources */ = {isa = PBXBuildFile; fileRef = F7A8A9592ACCCEB400E20E77 /* TopRated.swift */; };
		F7A8A95C2ACCD5D900E20E77 /* TitleCollectionViewCell.swift in Sources */ = {isa = PBXBuildFile; fileRef = F7A8A95B2ACCD5D800E20E77 /* TitleCollectionViewCell.swift */; };
		F7A8A95F2ACCDC2100E20E77 /* SDWebImage in Frameworks */ = {isa = PBXBuildFile; productRef = F7A8A95E2ACCDC2100E20E77 /* SDWebImage */; };
		F7A8A9612ACCDC2100E20E77 /* SDWebImageMapKit in Frameworks */ = {isa = PBXBuildFile; productRef = F7A8A9602ACCDC2100E20E77 /* SDWebImageMapKit */; };
		F7A8A9642ACCFCCC00E20E77 /* KRProgressHUD in Frameworks */ = {isa = PBXBuildFile; productRef = F7A8A9632ACCFCCC00E20E77 /* KRProgressHUD */; };
		F7D05A762AC9FD10005599EC /* AppDelegate.swift in Sources */ = {isa = PBXBuildFile; fileRef = F7D05A752AC9FD10005599EC /* AppDelegate.swift */; };
		F7D05A782AC9FD10005599EC /* SceneDelegate.swift in Sources */ = {isa = PBXBuildFile; fileRef = F7D05A772AC9FD10005599EC /* SceneDelegate.swift */; };
		F7D05A7A2AC9FD10005599EC /* MainTabViewController.swift in Sources */ = {isa = PBXBuildFile; fileRef = F7D05A792AC9FD10005599EC /* MainTabViewController.swift */; };
		F7D05A802AC9FD10005599EC /* NeflixClone.xcdatamodeld in Sources */ = {isa = PBXBuildFile; fileRef = F7D05A7E2AC9FD10005599EC /* NeflixClone.xcdatamodeld */; };
		F7D05A822AC9FD11005599EC /* Assets.xcassets in Resources */ = {isa = PBXBuildFile; fileRef = F7D05A812AC9FD11005599EC /* Assets.xcassets */; };
		F7D05A852AC9FD11005599EC /* LaunchScreen.storyboard in Resources */ = {isa = PBXBuildFile; fileRef = F7D05A832AC9FD11005599EC /* LaunchScreen.storyboard */; };
		F7D05A902AC9FD11005599EC /* NeflixCloneTests.swift in Sources */ = {isa = PBXBuildFile; fileRef = F7D05A8F2AC9FD11005599EC /* NeflixCloneTests.swift */; };
		F7D05A9A2AC9FD11005599EC /* NeflixCloneUITests.swift in Sources */ = {isa = PBXBuildFile; fileRef = F7D05A992AC9FD11005599EC /* NeflixCloneUITests.swift */; };
		F7D05A9C2AC9FD11005599EC /* NeflixCloneUITestsLaunchTests.swift in Sources */ = {isa = PBXBuildFile; fileRef = F7D05A9B2AC9FD11005599EC /* NeflixCloneUITestsLaunchTests.swift */; };
		F7D05AAA2ACA489B005599EC /* HomeViewController.swift in Sources */ = {isa = PBXBuildFile; fileRef = F7D05AA92ACA489B005599EC /* HomeViewController.swift */; };
		F7D05AAC2ACA48AB005599EC /* UpcominViewController.swift in Sources */ = {isa = PBXBuildFile; fileRef = F7D05AAB2ACA48AB005599EC /* UpcominViewController.swift */; };
		F7D05AAE2ACA48C3005599EC /* SearchViewController.swift in Sources */ = {isa = PBXBuildFile; fileRef = F7D05AAD2ACA48C3005599EC /* SearchViewController.swift */; };
		F7D05AB02ACA48DC005599EC /* DownloadsViewController.swift in Sources */ = {isa = PBXBuildFile; fileRef = F7D05AAF2ACA48DC005599EC /* DownloadsViewController.swift */; };
		F7D05AB72ACA5312005599EC /* CollectionViewTableViewCell.swift in Sources */ = {isa = PBXBuildFile; fileRef = F7D05AB62ACA5312005599EC /* CollectionViewTableViewCell.swift */; };
		F7DA88552ACDC4E100B7A104 /* UpcomingViewModel.swift in Sources */ = {isa = PBXBuildFile; fileRef = F7DA88542ACDC4E100B7A104 /* UpcomingViewModel.swift */; };
		F7DA88572ACDD63A00B7A104 /* UpcomingTableViewCell.swift in Sources */ = {isa = PBXBuildFile; fileRef = F7DA88562ACDD63A00B7A104 /* UpcomingTableViewCell.swift */; };
		F7FBCD322ACE5457004E02FF /* SearchResultsViewController.swift in Sources */ = {isa = PBXBuildFile; fileRef = F7FBCD312ACE5457004E02FF /* SearchResultsViewController.swift */; };
		F7FBCD342ACE5615004E02FF /* SearchViewModel.swift in Sources */ = {isa = PBXBuildFile; fileRef = F7FBCD332ACE5615004E02FF /* SearchViewModel.swift */; };
		F7FBCD362ACE5D45004E02FF /* SearchMovies.swift in Sources */ = {isa = PBXBuildFile; fileRef = F7FBCD352ACE5D45004E02FF /* SearchMovies.swift */; };
/* End PBXBuildFile section */

/* Begin PBXContainerItemProxy section */
		F7D05A8C2AC9FD11005599EC /* PBXContainerItemProxy */ = {
			isa = PBXContainerItemProxy;
			containerPortal = F7D05A6A2AC9FD10005599EC /* Project object */;
			proxyType = 1;
			remoteGlobalIDString = F7D05A712AC9FD10005599EC;
			remoteInfo = NeflixClone;
		};
		F7D05A962AC9FD11005599EC /* PBXContainerItemProxy */ = {
			isa = PBXContainerItemProxy;
			containerPortal = F7D05A6A2AC9FD10005599EC /* Project object */;
			proxyType = 1;
			remoteGlobalIDString = F7D05A712AC9FD10005599EC;
			remoteInfo = NeflixClone;
		};
/* End PBXContainerItemProxy section */

/* Begin PBXFileReference section */
		F75049ED2ACB0DDE009C5134 /* HeroHeaderView.swift */ = {isa = PBXFileReference; lastKnownFileType = sourcecode.swift; path = HeroHeaderView.swift; sourceTree = "<group>"; };
		F75049EF2ACB5ACC009C5134 /* TrendingMovies.swift */ = {isa = PBXFileReference; lastKnownFileType = sourcecode.swift; path = TrendingMovies.swift; sourceTree = "<group>"; };
		F75049F12ACB6247009C5134 /* Movie.swift */ = {isa = PBXFileReference; lastKnownFileType = sourcecode.swift; path = Movie.swift; sourceTree = "<group>"; };
		F75049F32ACB6627009C5134 /* ApiError.swift */ = {isa = PBXFileReference; lastKnownFileType = sourcecode.swift; path = ApiError.swift; sourceTree = "<group>"; };
		F75049F52ACB6657009C5134 /* Methods.swift */ = {isa = PBXFileReference; lastKnownFileType = sourcecode.swift; path = Methods.swift; sourceTree = "<group>"; };
		F75049F72ACB6673009C5134 /* EndPoint.swift */ = {isa = PBXFileReference; lastKnownFileType = sourcecode.swift; path = EndPoint.swift; sourceTree = "<group>"; };
		F75049F92ACB6759009C5134 /* ApiResponse.swift */ = {isa = PBXFileReference; lastKnownFileType = sourcecode.swift; path = ApiResponse.swift; sourceTree = "<group>"; };
		F75049FB2ACB67D3009C5134 /* NetworkManager.swift */ = {isa = PBXFileReference; lastKnownFileType = sourcecode.swift; path = NetworkManager.swift; sourceTree = "<group>"; };
		F75049FD2ACB7181009C5134 /* String+Extension.swift */ = {isa = PBXFileReference; lastKnownFileType = sourcecode.swift; path = "String+Extension.swift"; sourceTree = "<group>"; };
		F75049FF2ACB82F6009C5134 /* HomeViewModel.swift */ = {isa = PBXFileReference; lastKnownFileType = sourcecode.swift; path = HomeViewModel.swift; sourceTree = "<group>"; };
		F7504A042ACBA3DA009C5134 /* TV.swift */ = {isa = PBXFileReference; lastKnownFileType = sourcecode.swift; path = TV.swift; sourceTree = "<group>"; };
		F7504A062ACBA5C1009C5134 /* TrendingTV.swift */ = {isa = PBXFileReference; lastKnownFileType = sourcecode.swift; path = TrendingTV.swift; sourceTree = "<group>"; };
		F7504A082ACBAC97009C5134 /* UpComing.swift */ = {isa = PBXFileReference; lastKnownFileType = sourcecode.swift; path = UpComing.swift; sourceTree = "<group>"; };
		F7504A0A2ACBAE2E009C5134 /* UpComingMovies.swift */ = {isa = PBXFileReference; lastKnownFileType = sourcecode.swift; path = UpComingMovies.swift; sourceTree = "<group>"; };
		F75FFC1B2AD1B84F00FF7ACD /* VideoPreviewViewModel.swift */ = {isa = PBXFileReference; lastKnownFileType = sourcecode.swift; path = VideoPreviewViewModel.swift; sourceTree = "<group>"; };
		F75FFC1E2AD2059500FF7ACD /* DataPersistenceManager.swift */ = {isa = PBXFileReference; lastKnownFileType = sourcecode.swift; path = DataPersistenceManager.swift; sourceTree = "<group>"; };
		F782C0282AD073D3003FD2C2 /* YoutubeSearchModel.swift */ = {isa = PBXFileReference; lastKnownFileType = sourcecode.swift; path = YoutubeSearchModel.swift; sourceTree = "<group>"; };
		F782C02A2AD07634003FD2C2 /* YoutubeSearch.swift */ = {isa = PBXFileReference; lastKnownFileType = sourcecode.swift; path = YoutubeSearch.swift; sourceTree = "<group>"; };
		F782C02C2AD0CC5B003FD2C2 /* VideoPreviewViewController.swift */ = {isa = PBXFileReference; lastKnownFileType = sourcecode.swift; path = VideoPreviewViewController.swift; sourceTree = "<group>"; };
		F782C02E2AD0D311003FD2C2 /* MoviePreviewModel.swift */ = {isa = PBXFileReference; lastKnownFileType = sourcecode.swift; path = MoviePreviewModel.swift; sourceTree = "<group>"; };
		F7A8A9572ACC7A8500E20E77 /* Popular.swift */ = {isa = PBXFileReference; lastKnownFileType = sourcecode.swift; path = Popular.swift; sourceTree = "<group>"; };
		F7A8A9592ACCCEB400E20E77 /* TopRated.swift */ = {isa = PBXFileReference; lastKnownFileType = sourcecode.swift; path = TopRated.swift; sourceTree = "<group>"; };
		F7A8A95B2ACCD5D800E20E77 /* TitleCollectionViewCell.swift */ = {isa = PBXFileReference; lastKnownFileType = sourcecode.swift; path = TitleCollectionViewCell.swift; sourceTree = "<group>"; };
		F7D05A722AC9FD10005599EC /* NeflixClone.app */ = {isa = PBXFileReference; explicitFileType = wrapper.application; includeInIndex = 0; path = NeflixClone.app; sourceTree = BUILT_PRODUCTS_DIR; };
		F7D05A752AC9FD10005599EC /* AppDelegate.swift */ = {isa = PBXFileReference; lastKnownFileType = sourcecode.swift; path = AppDelegate.swift; sourceTree = "<group>"; };
		F7D05A772AC9FD10005599EC /* SceneDelegate.swift */ = {isa = PBXFileReference; lastKnownFileType = sourcecode.swift; path = SceneDelegate.swift; sourceTree = "<group>"; };
		F7D05A792AC9FD10005599EC /* MainTabViewController.swift */ = {isa = PBXFileReference; lastKnownFileType = sourcecode.swift; path = MainTabViewController.swift; sourceTree = "<group>"; };
		F7D05A7F2AC9FD10005599EC /* NeflixClone.xcdatamodel */ = {isa = PBXFileReference; lastKnownFileType = wrapper.xcdatamodel; path = NeflixClone.xcdatamodel; sourceTree = "<group>"; };
		F7D05A812AC9FD11005599EC /* Assets.xcassets */ = {isa = PBXFileReference; lastKnownFileType = folder.assetcatalog; path = Assets.xcassets; sourceTree = "<group>"; };
		F7D05A842AC9FD11005599EC /* Base */ = {isa = PBXFileReference; lastKnownFileType = file.storyboard; name = Base; path = Base.lproj/LaunchScreen.storyboard; sourceTree = "<group>"; };
		F7D05A862AC9FD11005599EC /* Info.plist */ = {isa = PBXFileReference; lastKnownFileType = text.plist.xml; path = Info.plist; sourceTree = "<group>"; };
		F7D05A8B2AC9FD11005599EC /* NeflixCloneTests.xctest */ = {isa = PBXFileReference; explicitFileType = wrapper.cfbundle; includeInIndex = 0; path = NeflixCloneTests.xctest; sourceTree = BUILT_PRODUCTS_DIR; };
		F7D05A8F2AC9FD11005599EC /* NeflixCloneTests.swift */ = {isa = PBXFileReference; lastKnownFileType = sourcecode.swift; path = NeflixCloneTests.swift; sourceTree = "<group>"; };
		F7D05A952AC9FD11005599EC /* NeflixCloneUITests.xctest */ = {isa = PBXFileReference; explicitFileType = wrapper.cfbundle; includeInIndex = 0; path = NeflixCloneUITests.xctest; sourceTree = BUILT_PRODUCTS_DIR; };
		F7D05A992AC9FD11005599EC /* NeflixCloneUITests.swift */ = {isa = PBXFileReference; lastKnownFileType = sourcecode.swift; path = NeflixCloneUITests.swift; sourceTree = "<group>"; };
		F7D05A9B2AC9FD11005599EC /* NeflixCloneUITestsLaunchTests.swift */ = {isa = PBXFileReference; lastKnownFileType = sourcecode.swift; path = NeflixCloneUITestsLaunchTests.swift; sourceTree = "<group>"; };
		F7D05AA92ACA489B005599EC /* HomeViewController.swift */ = {isa = PBXFileReference; lastKnownFileType = sourcecode.swift; path = HomeViewController.swift; sourceTree = "<group>"; };
		F7D05AAB2ACA48AB005599EC /* UpcominViewController.swift */ = {isa = PBXFileReference; lastKnownFileType = sourcecode.swift; path = UpcominViewController.swift; sourceTree = "<group>"; };
		F7D05AAD2ACA48C3005599EC /* SearchViewController.swift */ = {isa = PBXFileReference; lastKnownFileType = sourcecode.swift; path = SearchViewController.swift; sourceTree = "<group>"; };
		F7D05AAF2ACA48DC005599EC /* DownloadsViewController.swift */ = {isa = PBXFileReference; lastKnownFileType = sourcecode.swift; path = DownloadsViewController.swift; sourceTree = "<group>"; };
		F7D05AB62ACA5312005599EC /* CollectionViewTableViewCell.swift */ = {isa = PBXFileReference; lastKnownFileType = sourcecode.swift; path = CollectionViewTableViewCell.swift; sourceTree = "<group>"; };
		F7DA88542ACDC4E100B7A104 /* UpcomingViewModel.swift */ = {isa = PBXFileReference; lastKnownFileType = sourcecode.swift; path = UpcomingViewModel.swift; sourceTree = "<group>"; };
		F7DA88562ACDD63A00B7A104 /* UpcomingTableViewCell.swift */ = {isa = PBXFileReference; lastKnownFileType = sourcecode.swift; path = UpcomingTableViewCell.swift; sourceTree = "<group>"; };
		F7FBCD312ACE5457004E02FF /* SearchResultsViewController.swift */ = {isa = PBXFileReference; lastKnownFileType = sourcecode.swift; path = SearchResultsViewController.swift; sourceTree = "<group>"; };
		F7FBCD332ACE5615004E02FF /* SearchViewModel.swift */ = {isa = PBXFileReference; lastKnownFileType = sourcecode.swift; path = SearchViewModel.swift; sourceTree = "<group>"; };
		F7FBCD352ACE5D45004E02FF /* SearchMovies.swift */ = {isa = PBXFileReference; lastKnownFileType = sourcecode.swift; path = SearchMovies.swift; sourceTree = "<group>"; };
/* End PBXFileReference section */

/* Begin PBXFrameworksBuildPhase section */
		F7D05A6F2AC9FD10005599EC /* Frameworks */ = {
			isa = PBXFrameworksBuildPhase;
			buildActionMask = 2147483647;
			files = (
				F7A8A9642ACCFCCC00E20E77 /* KRProgressHUD in Frameworks */,
				F7A8A9612ACCDC2100E20E77 /* SDWebImageMapKit in Frameworks */,
				F7A8A95F2ACCDC2100E20E77 /* SDWebImage in Frameworks */,
			);
			runOnlyForDeploymentPostprocessing = 0;
		};
		F7D05A882AC9FD11005599EC /* Frameworks */ = {
			isa = PBXFrameworksBuildPhase;
			buildActionMask = 2147483647;
			files = (
			);
			runOnlyForDeploymentPostprocessing = 0;
		};
		F7D05A922AC9FD11005599EC /* Frameworks */ = {
			isa = PBXFrameworksBuildPhase;
			buildActionMask = 2147483647;
			files = (
			);
			runOnlyForDeploymentPostprocessing = 0;
		};
/* End PBXFrameworksBuildPhase section */

/* Begin PBXGroup section */
		F7504A032ACB9479009C5134 /* Extension */ = {
			isa = PBXGroup;
			children = (
				F75049FD2ACB7181009C5134 /* String+Extension.swift */,
			);
			path = Extension;
			sourceTree = "<group>";
		};
		F75FFC122AD1B57400FF7ACD /* Home */ = {
			isa = PBXGroup;
			children = (
				F75049ED2ACB0DDE009C5134 /* HeroHeaderView.swift */,
				F7D05AB62ACA5312005599EC /* CollectionViewTableViewCell.swift */,
				F7D05AA82ACA4882005599EC /* Controller */,
			);
			path = Home;
			sourceTree = "<group>";
		};
		F75FFC132AD1B57F00FF7ACD /* Upcoming */ = {
			isa = PBXGroup;
			children = (
				F7D05AAB2ACA48AB005599EC /* UpcominViewController.swift */,
			);
			path = Upcoming;
			sourceTree = "<group>";
		};
		F75FFC142AD1B58F00FF7ACD /* Search */ = {
			isa = PBXGroup;
			children = (
				F7D05AAD2ACA48C3005599EC /* SearchViewController.swift */,
			);
			path = Search;
			sourceTree = "<group>";
		};
		F75FFC152AD1B59A00FF7ACD /* Download */ = {
			isa = PBXGroup;
			children = (
				F7D05AAF2ACA48DC005599EC /* DownloadsViewController.swift */,
			);
			path = Download;
			sourceTree = "<group>";
		};
		F75FFC162AD1B5A800FF7ACD /* SearchResult */ = {
			isa = PBXGroup;
			children = (
				F7FBCD312ACE5457004E02FF /* SearchResultsViewController.swift */,
			);
			path = SearchResult;
			sourceTree = "<group>";
		};
		F75FFC172AD1B5B500FF7ACD /* VideoPreview */ = {
			isa = PBXGroup;
			children = (
				F782C02C2AD0CC5B003FD2C2 /* VideoPreviewViewController.swift */,
			);
			path = VideoPreview;
			sourceTree = "<group>";
		};
		F75FFC182AD1B6D600FF7ACD /* TabBar */ = {
			isa = PBXGroup;
			children = (
				F7D05A792AC9FD10005599EC /* MainTabViewController.swift */,
			);
			path = TabBar;
			sourceTree = "<group>";
		};
		F75FFC192AD1B6F700FF7ACD /* ServiceClass */ = {
			isa = PBXGroup;
			children = (
				F782C02A2AD07634003FD2C2 /* YoutubeSearch.swift */,
				F7FBCD352ACE5D45004E02FF /* SearchMovies.swift */,
				F7A8A9592ACCCEB400E20E77 /* TopRated.swift */,
				F7A8A9572ACC7A8500E20E77 /* Popular.swift */,
				F7504A0A2ACBAE2E009C5134 /* UpComingMovies.swift */,
				F7504A062ACBA5C1009C5134 /* TrendingTV.swift */,
				F75049EF2ACB5ACC009C5134 /* TrendingMovies.swift */,
			);
			path = ServiceClass;
			sourceTree = "<group>";
		};
		F75FFC1A2AD1B75200FF7ACD /* AppDelegate */ = {
			isa = PBXGroup;
			children = (
				F7D05A752AC9FD10005599EC /* AppDelegate.swift */,
				F7D05A772AC9FD10005599EC /* SceneDelegate.swift */,
			);
			path = AppDelegate;
			sourceTree = "<group>";
		};
		F75FFC1D2AD2053D00FF7ACD /* CoreData */ = {
			isa = PBXGroup;
			children = (
				F75FFC1E2AD2059500FF7ACD /* DataPersistenceManager.swift */,
			);
			path = CoreData;
			sourceTree = "<group>";
		};
		F7D05A692AC9FD10005599EC = {
			isa = PBXGroup;
			children = (
				F7D05A742AC9FD10005599EC /* NeflixClone */,
				F7D05A8E2AC9FD11005599EC /* NeflixCloneTests */,
				F7D05A982AC9FD11005599EC /* NeflixCloneUITests */,
				F7D05A732AC9FD10005599EC /* Products */,
			);
			sourceTree = "<group>";
		};
		F7D05A732AC9FD10005599EC /* Products */ = {
			isa = PBXGroup;
			children = (
				F7D05A722AC9FD10005599EC /* NeflixClone.app */,
				F7D05A8B2AC9FD11005599EC /* NeflixCloneTests.xctest */,
				F7D05A952AC9FD11005599EC /* NeflixCloneUITests.xctest */,
			);
			name = Products;
			sourceTree = "<group>";
		};
		F7D05A742AC9FD10005599EC /* NeflixClone */ = {
			isa = PBXGroup;
			children = (
				F75FFC1D2AD2053D00FF7ACD /* CoreData */,
				F75FFC1A2AD1B75200FF7ACD /* AppDelegate */,
				F7504A032ACB9479009C5134 /* Extension */,
				F7D05AB52ACA52A5005599EC /* Managers */,
				F7D05AB42ACA5299005599EC /* Resourcers */,
				F7D05AB32ACA5274005599EC /* Models */,
				F7D05AB22ACA526B005599EC /* View */,
				F7D05AB12ACA5256005599EC /* ViewModel */,
				F7D05A832AC9FD11005599EC /* LaunchScreen.storyboard */,
				F7D05A862AC9FD11005599EC /* Info.plist */,
				F7D05A7E2AC9FD10005599EC /* NeflixClone.xcdatamodeld */,
			);
			path = NeflixClone;
			sourceTree = "<group>";
		};
		F7D05A8E2AC9FD11005599EC /* NeflixCloneTests */ = {
			isa = PBXGroup;
			children = (
				F7D05A8F2AC9FD11005599EC /* NeflixCloneTests.swift */,
			);
			path = NeflixCloneTests;
			sourceTree = "<group>";
		};
		F7D05A982AC9FD11005599EC /* NeflixCloneUITests */ = {
			isa = PBXGroup;
			children = (
				F7D05A992AC9FD11005599EC /* NeflixCloneUITests.swift */,
				F7D05A9B2AC9FD11005599EC /* NeflixCloneUITestsLaunchTests.swift */,
			);
			path = NeflixCloneUITests;
			sourceTree = "<group>";
		};
		F7D05AA82ACA4882005599EC /* Controller */ = {
			isa = PBXGroup;
			children = (
				F7D05AA92ACA489B005599EC /* HomeViewController.swift */,
			);
			path = Controller;
			sourceTree = "<group>";
		};
		F7D05AB12ACA5256005599EC /* ViewModel */ = {
			isa = PBXGroup;
			children = (
				F75049FF2ACB82F6009C5134 /* HomeViewModel.swift */,
				F7DA88542ACDC4E100B7A104 /* UpcomingViewModel.swift */,
				F7FBCD332ACE5615004E02FF /* SearchViewModel.swift */,
				F75FFC1B2AD1B84F00FF7ACD /* VideoPreviewViewModel.swift */,
			);
			path = ViewModel;
			sourceTree = "<group>";
		};
		F7D05AB22ACA526B005599EC /* View */ = {
			isa = PBXGroup;
			children = (
				F75FFC182AD1B6D600FF7ACD /* TabBar */,
				F75FFC172AD1B5B500FF7ACD /* VideoPreview */,
				F75FFC162AD1B5A800FF7ACD /* SearchResult */,
				F75FFC152AD1B59A00FF7ACD /* Download */,
				F75FFC142AD1B58F00FF7ACD /* Search */,
				F75FFC132AD1B57F00FF7ACD /* Upcoming */,
				F75FFC122AD1B57400FF7ACD /* Home */,
				F7A8A95B2ACCD5D800E20E77 /* TitleCollectionViewCell.swift */,
				F7DA88562ACDD63A00B7A104 /* UpcomingTableViewCell.swift */,
			);
			path = View;
			sourceTree = "<group>";
		};
		F7D05AB32ACA5274005599EC /* Models */ = {
			isa = PBXGroup;
			children = (
				F75049F12ACB6247009C5134 /* Movie.swift */,
				F7504A042ACBA3DA009C5134 /* TV.swift */,
				F7504A082ACBAC97009C5134 /* UpComing.swift */,
				F782C0282AD073D3003FD2C2 /* YoutubeSearchModel.swift */,
				F782C02E2AD0D311003FD2C2 /* MoviePreviewModel.swift */,
			);
			path = Models;
			sourceTree = "<group>";
		};
		F7D05AB42ACA5299005599EC /* Resourcers */ = {
			isa = PBXGroup;
			children = (
				F7D05A812AC9FD11005599EC /* Assets.xcassets */,
			);
			path = Resourcers;
			sourceTree = "<group>";
		};
		F7D05AB52ACA52A5005599EC /* Managers */ = {
			isa = PBXGroup;
			children = (
				F75FFC192AD1B6F700FF7ACD /* ServiceClass */,
				F75049FB2ACB67D3009C5134 /* NetworkManager.swift */,
				F75049F32ACB6627009C5134 /* ApiError.swift */,
				F75049F52ACB6657009C5134 /* Methods.swift */,
				F75049F72ACB6673009C5134 /* EndPoint.swift */,
				F75049F92ACB6759009C5134 /* ApiResponse.swift */,
			);
			path = Managers;
			sourceTree = "<group>";
		};
/* End PBXGroup section */

/* Begin PBXNativeTarget section */
		F7D05A712AC9FD10005599EC /* NeflixClone */ = {
			isa = PBXNativeTarget;
			buildConfigurationList = F7D05A9F2AC9FD11005599EC /* Build configuration list for PBXNativeTarget "NeflixClone" */;
			buildPhases = (
				F7D05A6E2AC9FD10005599EC /* Sources */,
				F7D05A6F2AC9FD10005599EC /* Frameworks */,
				F7D05A702AC9FD10005599EC /* Resources */,
			);
			buildRules = (
			);
			dependencies = (
			);
			name = NeflixClone;
			packageProductDependencies = (
				F7A8A95E2ACCDC2100E20E77 /* SDWebImage */,
				F7A8A9602ACCDC2100E20E77 /* SDWebImageMapKit */,
				F7A8A9632ACCFCCC00E20E77 /* KRProgressHUD */,
			);
			productName = NeflixClone;
			productReference = F7D05A722AC9FD10005599EC /* NeflixClone.app */;
			productType = "com.apple.product-type.application";
		};
		F7D05A8A2AC9FD11005599EC /* NeflixCloneTests */ = {
			isa = PBXNativeTarget;
			buildConfigurationList = F7D05AA22AC9FD11005599EC /* Build configuration list for PBXNativeTarget "NeflixCloneTests" */;
			buildPhases = (
				F7D05A872AC9FD11005599EC /* Sources */,
				F7D05A882AC9FD11005599EC /* Frameworks */,
				F7D05A892AC9FD11005599EC /* Resources */,
			);
			buildRules = (
			);
			dependencies = (
				F7D05A8D2AC9FD11005599EC /* PBXTargetDependency */,
			);
			name = NeflixCloneTests;
			productName = NeflixCloneTests;
			productReference = F7D05A8B2AC9FD11005599EC /* NeflixCloneTests.xctest */;
			productType = "com.apple.product-type.bundle.unit-test";
		};
		F7D05A942AC9FD11005599EC /* NeflixCloneUITests */ = {
			isa = PBXNativeTarget;
			buildConfigurationList = F7D05AA52AC9FD11005599EC /* Build configuration list for PBXNativeTarget "NeflixCloneUITests" */;
			buildPhases = (
				F7D05A912AC9FD11005599EC /* Sources */,
				F7D05A922AC9FD11005599EC /* Frameworks */,
				F7D05A932AC9FD11005599EC /* Resources */,
			);
			buildRules = (
			);
			dependencies = (
				F7D05A972AC9FD11005599EC /* PBXTargetDependency */,
			);
			name = NeflixCloneUITests;
			productName = NeflixCloneUITests;
			productReference = F7D05A952AC9FD11005599EC /* NeflixCloneUITests.xctest */;
			productType = "com.apple.product-type.bundle.ui-testing";
		};
/* End PBXNativeTarget section */

/* Begin PBXProject section */
		F7D05A6A2AC9FD10005599EC /* Project object */ = {
			isa = PBXProject;
			attributes = {
				BuildIndependentTargetsInParallel = 1;
				LastSwiftUpdateCheck = 1410;
				LastUpgradeCheck = 1410;
				TargetAttributes = {
					F7D05A712AC9FD10005599EC = {
						CreatedOnToolsVersion = 14.1;
					};
					F7D05A8A2AC9FD11005599EC = {
						CreatedOnToolsVersion = 14.1;
						TestTargetID = F7D05A712AC9FD10005599EC;
					};
					F7D05A942AC9FD11005599EC = {
						CreatedOnToolsVersion = 14.1;
						TestTargetID = F7D05A712AC9FD10005599EC;
					};
				};
			};
			buildConfigurationList = F7D05A6D2AC9FD10005599EC /* Build configuration list for PBXProject "NeflixClone" */;
			compatibilityVersion = "Xcode 14.0";
			developmentRegion = en;
			hasScannedForEncodings = 0;
			knownRegions = (
				en,
				Base,
			);
			mainGroup = F7D05A692AC9FD10005599EC;
			packageReferences = (
				F7A8A95D2ACCDC2100E20E77 /* XCRemoteSwiftPackageReference "SDWebImage" */,
				F7A8A9622ACCFCCC00E20E77 /* XCRemoteSwiftPackageReference "KRProgressHUD" */,
			);
			productRefGroup = F7D05A732AC9FD10005599EC /* Products */;
			projectDirPath = "";
			projectRoot = "";
			targets = (
				F7D05A712AC9FD10005599EC /* NeflixClone */,
				F7D05A8A2AC9FD11005599EC /* NeflixCloneTests */,
				F7D05A942AC9FD11005599EC /* NeflixCloneUITests */,
			);
		};
/* End PBXProject section */

/* Begin PBXResourcesBuildPhase section */
		F7D05A702AC9FD10005599EC /* Resources */ = {
			isa = PBXResourcesBuildPhase;
			buildActionMask = 2147483647;
			files = (
				F7D05A852AC9FD11005599EC /* LaunchScreen.storyboard in Resources */,
				F7D05A822AC9FD11005599EC /* Assets.xcassets in Resources */,
			);
			runOnlyForDeploymentPostprocessing = 0;
		};
		F7D05A892AC9FD11005599EC /* Resources */ = {
			isa = PBXResourcesBuildPhase;
			buildActionMask = 2147483647;
			files = (
			);
			runOnlyForDeploymentPostprocessing = 0;
		};
		F7D05A932AC9FD11005599EC /* Resources */ = {
			isa = PBXResourcesBuildPhase;
			buildActionMask = 2147483647;
			files = (
			);
			runOnlyForDeploymentPostprocessing = 0;
		};
/* End PBXResourcesBuildPhase section */

/* Begin PBXSourcesBuildPhase section */
		F7D05A6E2AC9FD10005599EC /* Sources */ = {
			isa = PBXSourcesBuildPhase;
			buildActionMask = 2147483647;
			files = (
				F7504A002ACB82F6009C5134 /* HomeViewModel.swift in Sources */,
				F7A8A9582ACC7A8500E20E77 /* Popular.swift in Sources */,
				F7D05AAA2ACA489B005599EC /* HomeViewController.swift in Sources */,
				F7D05AAE2ACA48C3005599EC /* SearchViewController.swift in Sources */,
				F75049F22ACB6247009C5134 /* Movie.swift in Sources */,
				F782C02D2AD0CC5B003FD2C2 /* VideoPreviewViewController.swift in Sources */,
				F7D05AB02ACA48DC005599EC /* DownloadsViewController.swift in Sources */,
				F7504A092ACBAC97009C5134 /* UpComing.swift in Sources */,
				F782C02B2AD07634003FD2C2 /* YoutubeSearch.swift in Sources */,
				F75049F02ACB5ACC009C5134 /* TrendingMovies.swift in Sources */,
				F75049FA2ACB675A009C5134 /* ApiResponse.swift in Sources */,
				F7D05A7A2AC9FD10005599EC /* MainTabViewController.swift in Sources */,
				F7D05AAC2ACA48AB005599EC /* UpcominViewController.swift in Sources */,
				F75049EE2ACB0DDE009C5134 /* HeroHeaderView.swift in Sources */,
				F7DA88572ACDD63A00B7A104 /* UpcomingTableViewCell.swift in Sources */,
				F75049F62ACB6657009C5134 /* Methods.swift in Sources */,
				F7504A0B2ACBAE2E009C5134 /* UpComingMovies.swift in Sources */,
				F75049FE2ACB7182009C5134 /* String+Extension.swift in Sources */,
				F7A8A95C2ACCD5D900E20E77 /* TitleCollectionViewCell.swift in Sources */,
				F7DA88552ACDC4E100B7A104 /* UpcomingViewModel.swift in Sources */,
				F7FBCD322ACE5457004E02FF /* SearchResultsViewController.swift in Sources */,
				F75049FC2ACB67D3009C5134 /* NetworkManager.swift in Sources */,
				F7504A072ACBA5C1009C5134 /* TrendingTV.swift in Sources */,
				F75FFC1C2AD1B84F00FF7ACD /* VideoPreviewViewModel.swift in Sources */,
				F7FBCD362ACE5D45004E02FF /* SearchMovies.swift in Sources */,
				F7D05AB72ACA5312005599EC /* CollectionViewTableViewCell.swift in Sources */,
				F7D05A762AC9FD10005599EC /* AppDelegate.swift in Sources */,
				F7FBCD342ACE5615004E02FF /* SearchViewModel.swift in Sources */,
				F7D05A782AC9FD10005599EC /* SceneDelegate.swift in Sources */,
				F782C02F2AD0D311003FD2C2 /* MoviePreviewModel.swift in Sources */,
				F7504A052ACBA3DA009C5134 /* TV.swift in Sources */,
				F75FFC1F2AD2059500FF7ACD /* DataPersistenceManager.swift in Sources */,
				F7A8A95A2ACCCEB400E20E77 /* TopRated.swift in Sources */,
				F75049F82ACB6673009C5134 /* EndPoint.swift in Sources */,
				F75049F42ACB6627009C5134 /* ApiError.swift in Sources */,
				F782C0292AD073D3003FD2C2 /* YoutubeSearchModel.swift in Sources */,
				F7D05A802AC9FD10005599EC /* NeflixClone.xcdatamodeld in Sources */,
			);
			runOnlyForDeploymentPostprocessing = 0;
		};
		F7D05A872AC9FD11005599EC /* Sources */ = {
			isa = PBXSourcesBuildPhase;
			buildActionMask = 2147483647;
			files = (
				F7D05A902AC9FD11005599EC /* NeflixCloneTests.swift in Sources */,
			);
			runOnlyForDeploymentPostprocessing = 0;
		};
		F7D05A912AC9FD11005599EC /* Sources */ = {
			isa = PBXSourcesBuildPhase;
			buildActionMask = 2147483647;
			files = (
				F7D05A9C2AC9FD11005599EC /* NeflixCloneUITestsLaunchTests.swift in Sources */,
				F7D05A9A2AC9FD11005599EC /* NeflixCloneUITests.swift in Sources */,
			);
			runOnlyForDeploymentPostprocessing = 0;
		};
/* End PBXSourcesBuildPhase section */

/* Begin PBXTargetDependency section */
		F7D05A8D2AC9FD11005599EC /* PBXTargetDependency */ = {
			isa = PBXTargetDependency;
			target = F7D05A712AC9FD10005599EC /* NeflixClone */;
			targetProxy = F7D05A8C2AC9FD11005599EC /* PBXContainerItemProxy */;
		};
		F7D05A972AC9FD11005599EC /* PBXTargetDependency */ = {
			isa = PBXTargetDependency;
			target = F7D05A712AC9FD10005599EC /* NeflixClone */;
			targetProxy = F7D05A962AC9FD11005599EC /* PBXContainerItemProxy */;
		};
/* End PBXTargetDependency section */

/* Begin PBXVariantGroup section */
		F7D05A832AC9FD11005599EC /* LaunchScreen.storyboard */ = {
			isa = PBXVariantGroup;
			children = (
				F7D05A842AC9FD11005599EC /* Base */,
			);
			name = LaunchScreen.storyboard;
			sourceTree = "<group>";
		};
/* End PBXVariantGroup section */

/* Begin XCBuildConfiguration section */
		F7D05A9D2AC9FD11005599EC /* Debug */ = {
			isa = XCBuildConfiguration;
			buildSettings = {
				ALWAYS_SEARCH_USER_PATHS = NO;
				CLANG_ANALYZER_NONNULL = YES;
				CLANG_ANALYZER_NUMBER_OBJECT_CONVERSION = YES_AGGRESSIVE;
				CLANG_CXX_LANGUAGE_STANDARD = "gnu++20";
				CLANG_ENABLE_MODULES = YES;
				CLANG_ENABLE_OBJC_ARC = YES;
				CLANG_ENABLE_OBJC_WEAK = YES;
				CLANG_WARN_BLOCK_CAPTURE_AUTORELEASING = YES;
				CLANG_WARN_BOOL_CONVERSION = YES;
				CLANG_WARN_COMMA = YES;
				CLANG_WARN_CONSTANT_CONVERSION = YES;
				CLANG_WARN_DEPRECATED_OBJC_IMPLEMENTATIONS = YES;
				CLANG_WARN_DIRECT_OBJC_ISA_USAGE = YES_ERROR;
				CLANG_WARN_DOCUMENTATION_COMMENTS = YES;
				CLANG_WARN_EMPTY_BODY = YES;
				CLANG_WARN_ENUM_CONVERSION = YES;
				CLANG_WARN_INFINITE_RECURSION = YES;
				CLANG_WARN_INT_CONVERSION = YES;
				CLANG_WARN_NON_LITERAL_NULL_CONVERSION = YES;
				CLANG_WARN_OBJC_IMPLICIT_RETAIN_SELF = YES;
				CLANG_WARN_OBJC_LITERAL_CONVERSION = YES;
				CLANG_WARN_OBJC_ROOT_CLASS = YES_ERROR;
				CLANG_WARN_QUOTED_INCLUDE_IN_FRAMEWORK_HEADER = YES;
				CLANG_WARN_RANGE_LOOP_ANALYSIS = YES;
				CLANG_WARN_STRICT_PROTOTYPES = YES;
				CLANG_WARN_SUSPICIOUS_MOVE = YES;
				CLANG_WARN_UNGUARDED_AVAILABILITY = YES_AGGRESSIVE;
				CLANG_WARN_UNREACHABLE_CODE = YES;
				CLANG_WARN__DUPLICATE_METHOD_MATCH = YES;
				COPY_PHASE_STRIP = NO;
				DEBUG_INFORMATION_FORMAT = dwarf;
				ENABLE_STRICT_OBJC_MSGSEND = YES;
				ENABLE_TESTABILITY = YES;
				GCC_C_LANGUAGE_STANDARD = gnu11;
				GCC_DYNAMIC_NO_PIC = NO;
				GCC_NO_COMMON_BLOCKS = YES;
				GCC_OPTIMIZATION_LEVEL = 0;
				GCC_PREPROCESSOR_DEFINITIONS = (
					"DEBUG=1",
					"$(inherited)",
				);
				GCC_WARN_64_TO_32_BIT_CONVERSION = YES;
				GCC_WARN_ABOUT_RETURN_TYPE = YES_ERROR;
				GCC_WARN_UNDECLARED_SELECTOR = YES;
				GCC_WARN_UNINITIALIZED_AUTOS = YES_AGGRESSIVE;
				GCC_WARN_UNUSED_FUNCTION = YES;
				GCC_WARN_UNUSED_VARIABLE = YES;
				IPHONEOS_DEPLOYMENT_TARGET = 16.1;
				MTL_ENABLE_DEBUG_INFO = INCLUDE_SOURCE;
				MTL_FAST_MATH = YES;
				ONLY_ACTIVE_ARCH = YES;
				SDKROOT = iphoneos;
				SWIFT_ACTIVE_COMPILATION_CONDITIONS = DEBUG;
				SWIFT_OPTIMIZATION_LEVEL = "-Onone";
			};
			name = Debug;
		};
		F7D05A9E2AC9FD11005599EC /* Release */ = {
			isa = XCBuildConfiguration;
			buildSettings = {
				ALWAYS_SEARCH_USER_PATHS = NO;
				CLANG_ANALYZER_NONNULL = YES;
				CLANG_ANALYZER_NUMBER_OBJECT_CONVERSION = YES_AGGRESSIVE;
				CLANG_CXX_LANGUAGE_STANDARD = "gnu++20";
				CLANG_ENABLE_MODULES = YES;
				CLANG_ENABLE_OBJC_ARC = YES;
				CLANG_ENABLE_OBJC_WEAK = YES;
				CLANG_WARN_BLOCK_CAPTURE_AUTORELEASING = YES;
				CLANG_WARN_BOOL_CONVERSION = YES;
				CLANG_WARN_COMMA = YES;
				CLANG_WARN_CONSTANT_CONVERSION = YES;
				CLANG_WARN_DEPRECATED_OBJC_IMPLEMENTATIONS = YES;
				CLANG_WARN_DIRECT_OBJC_ISA_USAGE = YES_ERROR;
				CLANG_WARN_DOCUMENTATION_COMMENTS = YES;
				CLANG_WARN_EMPTY_BODY = YES;
				CLANG_WARN_ENUM_CONVERSION = YES;
				CLANG_WARN_INFINITE_RECURSION = YES;
				CLANG_WARN_INT_CONVERSION = YES;
				CLANG_WARN_NON_LITERAL_NULL_CONVERSION = YES;
				CLANG_WARN_OBJC_IMPLICIT_RETAIN_SELF = YES;
				CLANG_WARN_OBJC_LITERAL_CONVERSION = YES;
				CLANG_WARN_OBJC_ROOT_CLASS = YES_ERROR;
				CLANG_WARN_QUOTED_INCLUDE_IN_FRAMEWORK_HEADER = YES;
				CLANG_WARN_RANGE_LOOP_ANALYSIS = YES;
				CLANG_WARN_STRICT_PROTOTYPES = YES;
				CLANG_WARN_SUSPICIOUS_MOVE = YES;
				CLANG_WARN_UNGUARDED_AVAILABILITY = YES_AGGRESSIVE;
				CLANG_WARN_UNREACHABLE_CODE = YES;
				CLANG_WARN__DUPLICATE_METHOD_MATCH = YES;
				COPY_PHASE_STRIP = NO;
				DEBUG_INFORMATION_FORMAT = "dwarf-with-dsym";
				ENABLE_NS_ASSERTIONS = NO;
				ENABLE_STRICT_OBJC_MSGSEND = YES;
				GCC_C_LANGUAGE_STANDARD = gnu11;
				GCC_NO_COMMON_BLOCKS = YES;
				GCC_WARN_64_TO_32_BIT_CONVERSION = YES;
				GCC_WARN_ABOUT_RETURN_TYPE = YES_ERROR;
				GCC_WARN_UNDECLARED_SELECTOR = YES;
				GCC_WARN_UNINITIALIZED_AUTOS = YES_AGGRESSIVE;
				GCC_WARN_UNUSED_FUNCTION = YES;
				GCC_WARN_UNUSED_VARIABLE = YES;
				IPHONEOS_DEPLOYMENT_TARGET = 16.1;
				MTL_ENABLE_DEBUG_INFO = NO;
				MTL_FAST_MATH = YES;
				SDKROOT = iphoneos;
				SWIFT_COMPILATION_MODE = wholemodule;
				SWIFT_OPTIMIZATION_LEVEL = "-O";
				VALIDATE_PRODUCT = YES;
			};
			name = Release;
		};
		F7D05AA02AC9FD11005599EC /* Debug */ = {
			isa = XCBuildConfiguration;
			buildSettings = {
				ASSETCATALOG_COMPILER_APPICON_NAME = AppIcon;
				ASSETCATALOG_COMPILER_GLOBAL_ACCENT_COLOR_NAME = AccentColor;
				CODE_SIGN_INJECT_BASE_ENTITLEMENTS = YES;
				CODE_SIGN_STYLE = Automatic;
				CURRENT_PROJECT_VERSION = 1;
				DEVELOPMENT_TEAM = TP8LF837KP;
				GENERATE_INFOPLIST_FILE = YES;
				INFOPLIST_FILE = NeflixClone/Info.plist;
				INFOPLIST_KEY_UIApplicationSupportsIndirectInputEvents = YES;
				INFOPLIST_KEY_UILaunchStoryboardName = LaunchScreen;
				INFOPLIST_KEY_UISupportedInterfaceOrientations_iPad = "UIInterfaceOrientationPortrait UIInterfaceOrientationPortraitUpsideDown UIInterfaceOrientationLandscapeLeft UIInterfaceOrientationLandscapeRight";
				INFOPLIST_KEY_UISupportedInterfaceOrientations_iPhone = "UIInterfaceOrientationPortrait UIInterfaceOrientationLandscapeLeft UIInterfaceOrientationLandscapeRight";
				LD_RUNPATH_SEARCH_PATHS = (
					"$(inherited)",
					"@executable_path/Frameworks",
				);
				MARKETING_VERSION = 1.0;
				PRODUCT_BUNDLE_IDENTIFIER = com.future.NeflixClone;
				PRODUCT_NAME = "$(TARGET_NAME)";
				SWIFT_EMIT_LOC_STRINGS = YES;
				SWIFT_VERSION = 5.0;
				TARGETED_DEVICE_FAMILY = "1,2";
			};
			name = Debug;
		};
		F7D05AA12AC9FD11005599EC /* Release */ = {
			isa = XCBuildConfiguration;
			buildSettings = {
				ASSETCATALOG_COMPILER_APPICON_NAME = AppIcon;
				ASSETCATALOG_COMPILER_GLOBAL_ACCENT_COLOR_NAME = AccentColor;
				CODE_SIGN_INJECT_BASE_ENTITLEMENTS = YES;
				CODE_SIGN_STYLE = Automatic;
				CURRENT_PROJECT_VERSION = 1;
				DEVELOPMENT_TEAM = TP8LF837KP;
				GENERATE_INFOPLIST_FILE = YES;
				INFOPLIST_FILE = NeflixClone/Info.plist;
				INFOPLIST_KEY_UIApplicationSupportsIndirectInputEvents = YES;
				INFOPLIST_KEY_UILaunchStoryboardName = LaunchScreen;
				INFOPLIST_KEY_UISupportedInterfaceOrientations_iPad = "UIInterfaceOrientationPortrait UIInterfaceOrientationPortraitUpsideDown UIInterfaceOrientationLandscapeLeft UIInterfaceOrientationLandscapeRight";
				INFOPLIST_KEY_UISupportedInterfaceOrientations_iPhone = "UIInterfaceOrientationPortrait UIInterfaceOrientationLandscapeLeft UIInterfaceOrientationLandscapeRight";
				LD_RUNPATH_SEARCH_PATHS = (
					"$(inherited)",
					"@executable_path/Frameworks",
				);
				MARKETING_VERSION = 1.0;
				PRODUCT_BUNDLE_IDENTIFIER = com.future.NeflixClone;
				PRODUCT_NAME = "$(TARGET_NAME)";
				SWIFT_EMIT_LOC_STRINGS = YES;
				SWIFT_VERSION = 5.0;
				TARGETED_DEVICE_FAMILY = "1,2";
			};
			name = Release;
		};
		F7D05AA32AC9FD11005599EC /* Debug */ = {
			isa = XCBuildConfiguration;
			buildSettings = {
				ALWAYS_EMBED_SWIFT_STANDARD_LIBRARIES = YES;
				BUNDLE_LOADER = "$(TEST_HOST)";
				CODE_SIGN_STYLE = Automatic;
				CURRENT_PROJECT_VERSION = 1;
				DEVELOPMENT_TEAM = TP8LF837KP;
				GENERATE_INFOPLIST_FILE = YES;
				IPHONEOS_DEPLOYMENT_TARGET = 16.1;
				MARKETING_VERSION = 1.0;
				PRODUCT_BUNDLE_IDENTIFIER = com.future.NeflixCloneTests;
				PRODUCT_NAME = "$(TARGET_NAME)";
				SWIFT_EMIT_LOC_STRINGS = NO;
				SWIFT_VERSION = 5.0;
				TARGETED_DEVICE_FAMILY = "1,2";
				TEST_HOST = "$(BUILT_PRODUCTS_DIR)/NeflixClone.app/$(BUNDLE_EXECUTABLE_FOLDER_PATH)/NeflixClone";
			};
			name = Debug;
		};
		F7D05AA42AC9FD11005599EC /* Release */ = {
			isa = XCBuildConfiguration;
			buildSettings = {
				ALWAYS_EMBED_SWIFT_STANDARD_LIBRARIES = YES;
				BUNDLE_LOADER = "$(TEST_HOST)";
				CODE_SIGN_STYLE = Automatic;
				CURRENT_PROJECT_VERSION = 1;
				DEVELOPMENT_TEAM = TP8LF837KP;
				GENERATE_INFOPLIST_FILE = YES;
				IPHONEOS_DEPLOYMENT_TARGET = 16.1;
				MARKETING_VERSION = 1.0;
				PRODUCT_BUNDLE_IDENTIFIER = com.future.NeflixCloneTests;
				PRODUCT_NAME = "$(TARGET_NAME)";
				SWIFT_EMIT_LOC_STRINGS = NO;
				SWIFT_VERSION = 5.0;
				TARGETED_DEVICE_FAMILY = "1,2";
				TEST_HOST = "$(BUILT_PRODUCTS_DIR)/NeflixClone.app/$(BUNDLE_EXECUTABLE_FOLDER_PATH)/NeflixClone";
			};
			name = Release;
		};
		F7D05AA62AC9FD11005599EC /* Debug */ = {
			isa = XCBuildConfiguration;
			buildSettings = {
				ALWAYS_EMBED_SWIFT_STANDARD_LIBRARIES = YES;
				CODE_SIGN_STYLE = Automatic;
				CURRENT_PROJECT_VERSION = 1;
				DEVELOPMENT_TEAM = TP8LF837KP;
				GENERATE_INFOPLIST_FILE = YES;
				MARKETING_VERSION = 1.0;
				PRODUCT_BUNDLE_IDENTIFIER = com.future.NeflixCloneUITests;
				PRODUCT_NAME = "$(TARGET_NAME)";
				SWIFT_EMIT_LOC_STRINGS = NO;
				SWIFT_VERSION = 5.0;
				TARGETED_DEVICE_FAMILY = "1,2";
				TEST_TARGET_NAME = NeflixClone;
			};
			name = Debug;
		};
		F7D05AA72AC9FD11005599EC /* Release */ = {
			isa = XCBuildConfiguration;
			buildSettings = {
				ALWAYS_EMBED_SWIFT_STANDARD_LIBRARIES = YES;
				CODE_SIGN_STYLE = Automatic;
				CURRENT_PROJECT_VERSION = 1;
				DEVELOPMENT_TEAM = TP8LF837KP;
				GENERATE_INFOPLIST_FILE = YES;
				MARKETING_VERSION = 1.0;
				PRODUCT_BUNDLE_IDENTIFIER = com.future.NeflixCloneUITests;
				PRODUCT_NAME = "$(TARGET_NAME)";
				SWIFT_EMIT_LOC_STRINGS = NO;
				SWIFT_VERSION = 5.0;
				TARGETED_DEVICE_FAMILY = "1,2";
				TEST_TARGET_NAME = NeflixClone;
			};
			name = Release;
		};
/* End XCBuildConfiguration section */

/* Begin XCConfigurationList section */
		F7D05A6D2AC9FD10005599EC /* Build configuration list for PBXProject "NeflixClone" */ = {
			isa = XCConfigurationList;
			buildConfigurations = (
				F7D05A9D2AC9FD11005599EC /* Debug */,
				F7D05A9E2AC9FD11005599EC /* Release */,
			);
			defaultConfigurationIsVisible = 0;
			defaultConfigurationName = Release;
		};
		F7D05A9F2AC9FD11005599EC /* Build configuration list for PBXNativeTarget "NeflixClone" */ = {
			isa = XCConfigurationList;
			buildConfigurations = (
				F7D05AA02AC9FD11005599EC /* Debug */,
				F7D05AA12AC9FD11005599EC /* Release */,
			);
			defaultConfigurationIsVisible = 0;
			defaultConfigurationName = Release;
		};
		F7D05AA22AC9FD11005599EC /* Build configuration list for PBXNativeTarget "NeflixCloneTests" */ = {
			isa = XCConfigurationList;
			buildConfigurations = (
				F7D05AA32AC9FD11005599EC /* Debug */,
				F7D05AA42AC9FD11005599EC /* Release */,
			);
			defaultConfigurationIsVisible = 0;
			defaultConfigurationName = Release;
		};
		F7D05AA52AC9FD11005599EC /* Build configuration list for PBXNativeTarget "NeflixCloneUITests" */ = {
			isa = XCConfigurationList;
			buildConfigurations = (
				F7D05AA62AC9FD11005599EC /* Debug */,
				F7D05AA72AC9FD11005599EC /* Release */,
			);
			defaultConfigurationIsVisible = 0;
			defaultConfigurationName = Release;
		};
/* End XCConfigurationList section */

/* Begin XCRemoteSwiftPackageReference section */
		F7A8A95D2ACCDC2100E20E77 /* XCRemoteSwiftPackageReference "SDWebImage" */ = {
			isa = XCRemoteSwiftPackageReference;
			repositoryURL = "https://github.com/SDWebImage/SDWebImage.git";
			requirement = {
				kind = upToNextMajorVersion;
				minimumVersion = 5.0.0;
			};
		};
		F7A8A9622ACCFCCC00E20E77 /* XCRemoteSwiftPackageReference "KRProgressHUD" */ = {
			isa = XCRemoteSwiftPackageReference;
			repositoryURL = "https://github.com/krimpedance/KRProgressHUD.git";
			requirement = {
				kind = upToNextMajorVersion;
				minimumVersion = 3.0.0;
			};
		};
/* End XCRemoteSwiftPackageReference section */

/* Begin XCSwiftPackageProductDependency section */
		F7A8A95E2ACCDC2100E20E77 /* SDWebImage */ = {
			isa = XCSwiftPackageProductDependency;
			package = F7A8A95D2ACCDC2100E20E77 /* XCRemoteSwiftPackageReference "SDWebImage" */;
			productName = SDWebImage;
		};
		F7A8A9602ACCDC2100E20E77 /* SDWebImageMapKit */ = {
			isa = XCSwiftPackageProductDependency;
			package = F7A8A95D2ACCDC2100E20E77 /* XCRemoteSwiftPackageReference "SDWebImage" */;
			productName = SDWebImageMapKit;
		};
		F7A8A9632ACCFCCC00E20E77 /* KRProgressHUD */ = {
			isa = XCSwiftPackageProductDependency;
			package = F7A8A9622ACCFCCC00E20E77 /* XCRemoteSwiftPackageReference "KRProgressHUD" */;
			productName = KRProgressHUD;
		};
/* End XCSwiftPackageProductDependency section */

/* Begin XCVersionGroup section */
		F7D05A7E2AC9FD10005599EC /* NeflixClone.xcdatamodeld */ = {
			isa = XCVersionGroup;
			children = (
				F7D05A7F2AC9FD10005599EC /* NeflixClone.xcdatamodel */,
			);
			currentVersion = F7D05A7F2AC9FD10005599EC /* NeflixClone.xcdatamodel */;
			path = NeflixClone.xcdatamodeld;
			sourceTree = "<group>";
			versionGroupType = wrapper.xcdatamodel;
		};
/* End XCVersionGroup section */
	};
	rootObject = F7D05A6A2AC9FD10005599EC /* Project object */;
}
